{
  "name": "Galleries",
  "lockfileVersion": 3,
  "requires": true,
  "packages": {
    "": {
      "dependencies": {
        "photoswipe": "^5.4.4",
        "unitegallery": "^1.7.28"
      }
    },
    "node_modules/jquery": {
      "version": "3.7.1",
      "resolved": "https://registry.npmjs.org/jquery/-/jquery-3.7.1.tgz",
      "integrity": "sha512-m4avr8yL8kmFN8psrbFFFmB/If14iN5o9nw/NgnnM+kybDJpRsAynV2BsfpTYrTRysYUdADVD7CkUUizgkpLfg==",
      "license": "MIT"
    },
    "node_modules/photoswipe": {
      "version": "5.4.4",
      "resolved": "https://registry.npmjs.org/photoswipe/-/photoswipe-5.4.4.tgz",
      "integrity": "sha512-WNFHoKrkZNnvFFhbHL93WDkW3ifwVOXSW3w1UuZZelSmgXpIGiZSNlZJq37rR8YejqME2rHs9EhH9ZvlvFH2NA==",
      "license": "MIT",
      "engines": {
        "node": ">= 0.12.0"
      }
    },
    "node_modules/unitegallery": {
      "version": "1.7.28",
      "resolved": "https://registry.npmjs.org/unitegallery/-/unitegallery-1.7.28.tgz",
      "integrity": "sha512-dxUdSWTpZtjpvpcxAOWj0UvxnhOvoBfEapbXV7A1rUjQ+y3B6T1rku7SnfWV8WXPXxG6ZBl9+iucxWS6SRn9JQ==",
      "license": "MIT",
      "dependencies": {
        "jquery": ">= 3.1.1"
      }
    }
  }
}
